// !$*UTF8*$!
{
	archiveVersion = 1;
	classes = {
	};
	objectVersion = 77;
	objects = {

/* Begin PBXContainerItemProxy section */
		C2EE05152DE1412000505B6E /* PBXContainerItemProxy */ = {
			isa = PBXContainerItemProxy;
			containerPortal = C2EE04FE2DE1411E00505B6E /* Project object */;
			proxyType = 1;
			remoteGlobalIDString = C2EE05052DE1411E00505B6E;
			remoteInfo = "SISR-pro";
		};
		C2EE051F2DE1412000505B6E /* PBXContainerItemProxy */ = {
			isa = PBXContainerItemProxy;
			containerPortal = C2EE04FE2DE1411E00505B6E /* Project object */;
			proxyType = 1;
			remoteGlobalIDString = C2EE05052DE1411E00505B6E;
			remoteInfo = "SISR-pro";
		};
/* End PBXContainerItemProxy section */

/* Begin PBXFileReference section */
		C2EE05062DE1411E00505B6E /* SISR-pro.app */ = {isa = PBXFileReference; explicitFileType = wrapper.application; includeInIndex = 0; path = "SISR-pro.app"; sourceTree = BUILT_PRODUCTS_DIR; };
		C2EE05142DE1412000505B6E /* SISR-proTests.xctest */ = {isa = PBXFileReference; explicitFileType = wrapper.cfbundle; includeInIndex = 0; path = "SISR-proTests.xctest"; sourceTree = BUILT_PRODUCTS_DIR; };
		C2EE051E2DE1412000505B6E /* SISR-proUITests.xctest */ = {isa = PBXFileReference; explicitFileType = wrapper.cfbundle; includeInIndex = 0; path = "SISR-proUITests.xctest"; sourceTree = BUILT_PRODUCTS_DIR; };
/* End PBXFileReference section */

/* Begin PBXFileSystemSynchronizedRootGroup section */
		C2EE05082DE1411E00505B6E /* SISR-pro */ = {
			isa = PBXFileSystemSynchronizedRootGroup;
			path = "SISR-pro";
			sourceTree = "<group>";
		};
		C2EE05172DE1412000505B6E /* SISR-proTests */ = {
			isa = PBXFileSystemSynchronizedRootGroup;
			path = "SISR-proTests";
			sourceTree = "<group>";
		};
		C2EE05212DE1412000505B6E /* SISR-proUITests */ = {
			isa = PBXFileSystemSynchronizedRootGroup;
			path = "SISR-proUITests";
			sourceTree = "<group>";
		};
/* End PBXFileSystemSynchronizedRootGroup section */

/* Begin PBXFrameworksBuildPhase section */
		C2EE05032DE1411E00505B6E /* Frameworks */ = {
			isa = PBXFrameworksBuildPhase;
			buildActionMask = 2147483647;
			files = (
			);
			runOnlyForDeploymentPostprocessing = 0;
		};
		C2EE05112DE1412000505B6E /* Frameworks */ = {
			isa = PBXFrameworksBuildPhase;
			buildActionMask = 2147483647;
			files = (
			);
			runOnlyForDeploymentPostprocessing = 0;
		};
		C2EE051B2DE1412000505B6E /* Frameworks */ = {
			isa = PBXFrameworksBuildPhase;
			buildActionMask = 2147483647;
			files = (
			);
			runOnlyForDeploymentPostprocessing = 0;
		};
/* End PBXFrameworksBuildPhase section */

/* Begin PBXGroup section */
		C2EE04FD2DE1411E00505B6E = {
			isa = PBXGroup;
			children = (
				C2EE05082DE1411E00505B6E /* SISR-pro */,
				C2EE05172DE1412000505B6E /* SISR-proTests */,
				C2EE05212DE1412000505B6E /* SISR-proUITests */,
				C2EE05072DE1411E00505B6E /* Products */,
			);
			sourceTree = "<group>";
		};
		C2EE05072DE1411E00505B6E /* Products */ = {
			isa = PBXGroup;
			children = (
				C2EE05062DE1411E00505B6E /* SISR-pro.app */,
				C2EE05142DE1412000505B6E /* SISR-proTests.xctest */,
				C2EE051E2DE1412000505B6E /* SISR-proUITests.xctest */,
			);
			name = Products;
			sourceTree = "<group>";
		};
/* End PBXGroup section */

/* Begin PBXNativeTarget section */
		C2EE05052DE1411E00505B6E /* SISR-pro */ = {
			isa = PBXNativeTarget;
			buildConfigurationList = C2EE05282DE1412000505B6E /* Build configuration list for PBXNativeTarget "SISR-pro" */;
			buildPhases = (
				C2EE05022DE1411E00505B6E /* Sources */,
				C2EE05032DE1411E00505B6E /* Frameworks */,
				C2EE05042DE1411E00505B6E /* Resources */,
			);
			buildRules = (
			);
			dependencies = (
			);
			fileSystemSynchronizedGroups = (
				C2EE05082DE1411E00505B6E /* SISR-pro */,
			);
			name = "SISR-pro";
			packageProductDependencies = (
			);
			productName = "SISR-pro";
			productReference = C2EE05062DE1411E00505B6E /* SISR-pro.app */;
			productType = "com.apple.product-type.application";
		};
		C2EE05132DE1412000505B6E /* SISR-proTests */ = {
			isa = PBXNativeTarget;
			buildConfigurationList = C2EE052B2DE1412000505B6E /* Build configuration list for PBXNativeTarget "SISR-proTests" */;
			buildPhases = (
				C2EE05102DE1412000505B6E /* Sources */,
				C2EE05112DE1412000505B6E /* Frameworks */,
				C2EE05122DE1412000505B6E /* Resources */,
			);
			buildRules = (
			);
			dependencies = (
				C2EE05162DE1412000505B6E /* PBXTargetDependency */,
			);
			fileSystemSynchronizedGroups = (
				C2EE05172DE1412000505B6E /* SISR-proTests */,
			);
			name = "SISR-proTests";
			packageProductDependencies = (
			);
			productName = "SISR-proTests";
			productReference = C2EE05142DE1412000505B6E /* SISR-proTests.xctest */;
			productType = "com.apple.product-type.bundle.unit-test";
		};
		C2EE051D2DE1412000505B6E /* SISR-proUITests */ = {
			isa = PBXNativeTarget;
			buildConfigurationList = C2EE052E2DE1412000505B6E /* Build configuration list for PBXNativeTarget "SISR-proUITests" */;
			buildPhases = (
				C2EE051A2DE1412000505B6E /* Sources */,
				C2EE051B2DE1412000505B6E /* Frameworks */,
				C2EE051C2DE1412000505B6E /* Resources */,
			);
			buildRules = (
			);
			dependencies = (
				C2EE05202DE1412000505B6E /* PBXTargetDependency */,
			);
			fileSystemSynchronizedGroups = (
				C2EE05212DE1412000505B6E /* SISR-proUITests */,
			);
			name = "SISR-proUITests";
			packageProductDependencies = (
			);
			productName = "SISR-proUITests";
			productReference = C2EE051E2DE1412000505B6E /* SISR-proUITests.xctest */;
			productType = "com.apple.product-type.bundle.ui-testing";
		};
/* End PBXNativeTarget section */

/* Begin PBXProject section */
		C2EE04FE2DE1411E00505B6E /* Project object */ = {
			isa = PBXProject;
			attributes = {
				BuildIndependentTargetsInParallel = 1;
				LastSwiftUpdateCheck = 1630;
				LastUpgradeCheck = 1630;
				TargetAttributes = {
					C2EE05052DE1411E00505B6E = {
						CreatedOnToolsVersion = 16.3;
					};
					C2EE05132DE1412000505B6E = {
						CreatedOnToolsVersion = 16.3;
						TestTargetID = C2EE05052DE1411E00505B6E;
					};
					C2EE051D2DE1412000505B6E = {
						CreatedOnToolsVersion = 16.3;
						TestTargetID = C2EE05052DE1411E00505B6E;
					};
				};
			};
			buildConfigurationList = C2EE05012DE1411E00505B6E /* Build configuration list for PBXProject "SISR-pro" */;
			developmentRegion = en;
			hasScannedForEncodings = 0;
			knownRegions = (
				en,
				Base,
			);
			mainGroup = C2EE04FD2DE1411E00505B6E;
			minimizedProjectReferenceProxies = 1;
			preferredProjectObjectVersion = 77;
			productRefGroup = C2EE05072DE1411E00505B6E /* Products */;
			projectDirPath = "";
			projectRoot = "";
			targets = (
				C2EE05052DE1411E00505B6E /* SISR-pro */,
				C2EE05132DE1412000505B6E /* SISR-proTests */,
				C2EE051D2DE1412000505B6E /* SISR-proUITests */,
			);
		};
/* End PBXProject section */

/* Begin PBXResourcesBuildPhase section */
		C2EE05042DE1411E00505B6E /* Resources */ = {
			isa = PBXResourcesBuildPhase;
			buildActionMask = 2147483647;
			files = (
			);
			runOnlyForDeploymentPostprocessing = 0;
		};
		C2EE05122DE1412000505B6E /* Resources */ = {
			isa = PBXResourcesBuildPhase;
			buildActionMask = 2147483647;
			files = (
			);
			runOnlyForDeploymentPostprocessing = 0;
		};
		C2EE051C2DE1412000505B6E /* Resources */ = {
			isa = PBXResourcesBuildPhase;
			buildActionMask = 2147483647;
			files = (
			);
			runOnlyForDeploymentPostprocessing = 0;
		};
/* End PBXResourcesBuildPhase section */

/* Begin PBXSourcesBuildPhase section */
		C2EE05022DE1411E00505B6E /* Sources */ = {
			isa = PBXSourcesBuildPhase;
			buildActionMask = 2147483647;
			files = (
			);
			runOnlyForDeploymentPostprocessing = 0;
		};
		C2EE05102DE1412000505B6E /* Sources */ = {
			isa = PBXSourcesBuildPhase;
			buildActionMask = 2147483647;
			files = (
			);
			runOnlyForDeploymentPostprocessing = 0;
		};
		C2EE051A2DE1412000505B6E /* Sources */ = {
			isa = PBXSourcesBuildPhase;
			buildActionMask = 2147483647;
			files = (
			);
			runOnlyForDeploymentPostprocessing = 0;
		};
/* End PBXSourcesBuildPhase section */

/* Begin PBXTargetDependency section */
		C2EE05162DE1412000505B6E /* PBXTargetDependency */ = {
			isa = PBXTargetDependency;
			target = C2EE05052DE1411E00505B6E /* SISR-pro */;
			targetProxy = C2EE05152DE1412000505B6E /* PBXContainerItemProxy */;
		};
		C2EE05202DE1412000505B6E /* PBXTargetDependency */ = {
			isa = PBXTargetDependency;
			target = C2EE05052DE1411E00505B6E /* SISR-pro */;
			targetProxy = C2EE051F2DE1412000505B6E /* PBXContainerItemProxy */;
		};
/* End PBXTargetDependency section */

/* Begin XCBuildConfiguration section */
		C2EE05262DE1412000505B6E /* Debug */ = {
			isa = XCBuildConfiguration;
			buildSettings = {
				ALWAYS_SEARCH_USER_PATHS = NO;
				ASSETCATALOG_COMPILER_GENERATE_SWIFT_ASSET_SYMBOL_EXTENSIONS = YES;
				CLANG_ANALYZER_NONNULL = YES;
				CLANG_ANALYZER_NUMBER_OBJECT_CONVERSION = YES_AGGRESSIVE;
				CLANG_CXX_LANGUAGE_STANDARD = "gnu++20";
				CLANG_ENABLE_MODULES = YES;
				CLANG_ENABLE_OBJC_ARC = YES;
				CLANG_ENABLE_OBJC_WEAK = YES;
				CLANG_WARN_BLOCK_CAPTURE_AUTORELEASING = YES;
				CLANG_WARN_BOOL_CONVERSION = YES;
				CLANG_WARN_COMMA = YES;
				CLANG_WARN_CONSTANT_CONVERSION = YES;
				CLANG_WARN_DEPRECATED_OBJC_IMPLEMENTATIONS = YES;
				CLANG_WARN_DIRECT_OBJC_ISA_USAGE = YES_ERROR;
				CLANG_WARN_DOCUMENTATION_COMMENTS = YES;
				CLANG_WARN_EMPTY_BODY = YES;
				CLANG_WARN_ENUM_CONVERSION = YES;
				CLANG_WARN_INFINITE_RECURSION = YES;
				CLANG_WARN_INT_CONVERSION = YES;
				CLANG_WARN_NON_LITERAL_NULL_CONVERSION = YES;
				CLANG_WARN_OBJC_IMPLICIT_RETAIN_SELF = YES;
				CLANG_WARN_OBJC_LITERAL_CONVERSION = YES;
				CLANG_WARN_OBJC_ROOT_CLASS = YES_ERROR;
				CLANG_WARN_QUOTED_INCLUDE_IN_FRAMEWORK_HEADER = YES;
				CLANG_WARN_RANGE_LOOP_ANALYSIS = YES;
				CLANG_WARN_STRICT_PROTOTYPES = YES;
				CLANG_WARN_SUSPICIOUS_MOVE = YES;
				CLANG_WARN_UNGUARDED_AVAILABILITY = YES_AGGRESSIVE;
				CLANG_WARN_UNREACHABLE_CODE = YES;
				CLANG_WARN__DUPLICATE_METHOD_MATCH = YES;
				COPY_PHASE_STRIP = NO;
				DEBUG_INFORMATION_FORMAT = dwarf;
				DEVELOPMENT_TEAM = 2D8MBBQWXH;
				ENABLE_STRICT_OBJC_MSGSEND = YES;
				ENABLE_TESTABILITY = YES;
				ENABLE_USER_SCRIPT_SANDBOXING = YES;
				GCC_C_LANGUAGE_STANDARD = gnu17;
				GCC_DYNAMIC_NO_PIC = NO;
				GCC_NO_COMMON_BLOCKS = YES;
				GCC_OPTIMIZATION_LEVEL = 0;
				GCC_PREPROCESSOR_DEFINITIONS = (
					"DEBUG=1",
					"$(inherited)",
				);
				GCC_WARN_64_TO_32_BIT_CONVERSION = YES;
				GCC_WARN_ABOUT_RETURN_TYPE = YES_ERROR;
				GCC_WARN_UNDECLARED_SELECTOR = YES;
				GCC_WARN_UNINITIALIZED_AUTOS = YES_AGGRESSIVE;
				GCC_WARN_UNUSED_FUNCTION = YES;
				GCC_WARN_UNUSED_VARIABLE = YES;
				LOCALIZATION_PREFERS_STRING_CATALOGS = YES;
				MACOSX_DEPLOYMENT_TARGET = 15.3;
				MTL_ENABLE_DEBUG_INFO = INCLUDE_SOURCE;
				MTL_FAST_MATH = YES;
				ONLY_ACTIVE_ARCH = YES;
				SDKROOT = macosx;
				SWIFT_ACTIVE_COMPILATION_CONDITIONS = "DEBUG $(inherited)";
				SWIFT_OPTIMIZATION_LEVEL = "-Onone";
			};
			name = Debug;
		};
		C2EE05272DE1412000505B6E /* Release */ = {
			isa = XCBuildConfiguration;
			buildSettings = {
				ALWAYS_SEARCH_USER_PATHS = NO;
				ASSETCATALOG_COMPILER_GENERATE_SWIFT_ASSET_SYMBOL_EXTENSIONS = YES;
				CLANG_ANALYZER_NONNULL = YES;
				CLANG_ANALYZER_NUMBER_OBJECT_CONVERSION = YES_AGGRESSIVE;
				CLANG_CXX_LANGUAGE_STANDARD = "gnu++20";
				CLANG_ENABLE_MODULES = YES;
				CLANG_ENABLE_OBJC_ARC = YES;
				CLANG_ENABLE_OBJC_WEAK = YES;
				CLANG_WARN_BLOCK_CAPTURE_AUTORELEASING = YES;
				CLANG_WARN_BOOL_CONVERSION = YES;
				CLANG_WARN_COMMA = YES;
				CLANG_WARN_CONSTANT_CONVERSION = YES;
				CLANG_WARN_DEPRECATED_OBJC_IMPLEMENTATIONS = YES;
				CLANG_WARN_DIRECT_OBJC_ISA_USAGE = YES_ERROR;
				CLANG_WARN_DOCUMENTATION_COMMENTS = YES;
				CLANG_WARN_EMPTY_BODY = YES;
				CLANG_WARN_ENUM_CONVERSION = YES;
				CLANG_WARN_INFINITE_RECURSION = YES;
				CLANG_WARN_INT_CONVERSION = YES;
				CLANG_WARN_NON_LITERAL_NULL_CONVERSION = YES;
				CLANG_WARN_OBJC_IMPLICIT_RETAIN_SELF = YES;
				CLANG_WARN_OBJC_LITERAL_CONVERSION = YES;
				CLANG_WARN_OBJC_ROOT_CLASS = YES_ERROR;
				CLANG_WARN_QUOTED_INCLUDE_IN_FRAMEWORK_HEADER = YES;
				CLANG_WARN_RANGE_LOOP_ANALYSIS = YES;
				CLANG_WARN_STRICT_PROTOTYPES = YES;
				CLANG_WARN_SUSPICIOUS_MOVE = YES;
				CLANG_WARN_UNGUARDED_AVAILABILITY = YES_AGGRESSIVE;
				CLANG_WARN_UNREACHABLE_CODE = YES;
				CLANG_WARN__DUPLICATE_METHOD_MATCH = YES;
				COPY_PHASE_STRIP = NO;
				DEBUG_INFORMATION_FORMAT = "dwarf-with-dsym";
				DEVELOPMENT_TEAM = 2D8MBBQWXH;
				ENABLE_NS_ASSERTIONS = NO;
				ENABLE_STRICT_OBJC_MSGSEND = YES;
				ENABLE_USER_SCRIPT_SANDBOXING = YES;
				GCC_C_LANGUAGE_STANDARD = gnu17;
				GCC_NO_COMMON_BLOCKS = YES;
				GCC_WARN_64_TO_32_BIT_CONVERSION = YES;
				GCC_WARN_ABOUT_RETURN_TYPE = YES_ERROR;
				GCC_WARN_UNDECLARED_SELECTOR = YES;
				GCC_WARN_UNINITIALIZED_AUTOS = YES_AGGRESSIVE;
				GCC_WARN_UNUSED_FUNCTION = YES;
				GCC_WARN_UNUSED_VARIABLE = YES;
				LOCALIZATION_PREFERS_STRING_CATALOGS = YES;
				MACOSX_DEPLOYMENT_TARGET = 15.3;
				MTL_ENABLE_DEBUG_INFO = NO;
				MTL_FAST_MATH = YES;
				SDKROOT = macosx;
				SWIFT_COMPILATION_MODE = wholemodule;
			};
			name = Release;
		};
		C2EE05292DE1412000505B6E /* Debug */ = {
			isa = XCBuildConfiguration;
			buildSettings = {
				ASSETCATALOG_COMPILER_APPICON_NAME = AppIcon;
				ASSETCATALOG_COMPILER_GLOBAL_ACCENT_COLOR_NAME = AccentColor;
				CODE_SIGN_ENTITLEMENTS = "SISR-pro/SISR_pro.entitlements";
				CODE_SIGN_STYLE = Automatic;
				COMBINE_HIDPI_IMAGES = YES;
				CURRENT_PROJECT_VERSION = 1;
				DEVELOPMENT_TEAM = 2D8MBBQWXH;
				ENABLE_HARDENED_RUNTIME = YES;
				ENABLE_PREVIEWS = YES;
				GENERATE_INFOPLIST_FILE = YES;
				INFOPLIST_KEY_NSHumanReadableCopyright = "";
				LD_RUNPATH_SEARCH_PATHS = (
					"$(inherited)",
					"@executable_path/../Frameworks",
				);
				MARKETING_VERSION = 1.0;
				PRODUCT_BUNDLE_IDENTIFIER = "com.timelapsetech.SISR-pro";
				PRODUCT_NAME = "$(TARGET_NAME)";
				REGISTER_APP_GROUPS = YES;
				SWIFT_EMIT_LOC_STRINGS = YES;
				SWIFT_VERSION = 5.0;
			};
			name = Debug;
		};
		C2EE052A2DE1412000505B6E /* Release */ = {
			isa = XCBuildConfiguration;
			buildSettings = {
				ASSETCATALOG_COMPILER_APPICON_NAME = AppIcon;
				ASSETCATALOG_COMPILER_GLOBAL_ACCENT_COLOR_NAME = AccentColor;
				CODE_SIGN_ENTITLEMENTS = "SISR-pro/SISR_pro.entitlements";
				CODE_SIGN_STYLE = Automatic;
				COMBINE_HIDPI_IMAGES = YES;
				CURRENT_PROJECT_VERSION = 1;
				DEVELOPMENT_TEAM = 2D8MBBQWXH;
				ENABLE_HARDENED_RUNTIME = YES;
				ENABLE_PREVIEWS = YES;
				GENERATE_INFOPLIST_FILE = YES;
				INFOPLIST_KEY_NSHumanReadableCopyright = "";
				LD_RUNPATH_SEARCH_PATHS = (
					"$(inherited)",
					"@executable_path/../Frameworks",
				);
				MARKETING_VERSION = 1.0;
				PRODUCT_BUNDLE_IDENTIFIER = "com.timelapsetech.SISR-pro";
				PRODUCT_NAME = "$(TARGET_NAME)";
				REGISTER_APP_GROUPS = YES;
				SWIFT_EMIT_LOC_STRINGS = YES;
				SWIFT_VERSION = 5.0;
			};
			name = Release;
		};
		C2EE052C2DE1412000505B6E /* Debug */ = {
			isa = XCBuildConfiguration;
			buildSettings = {
				BUNDLE_LOADER = "$(TEST_HOST)";
				CODE_SIGN_STYLE = Automatic;
				CURRENT_PROJECT_VERSION = 1;
				DEVELOPMENT_TEAM = 2D8MBBQWXH;
				GENERATE_INFOPLIST_FILE = YES;
				MACOSX_DEPLOYMENT_TARGET = 15.3;
				MARKETING_VERSION = 1.0;
				PRODUCT_BUNDLE_IDENTIFIER = "com.timelapsetech.SISR-proTests";
				PRODUCT_NAME = "$(TARGET_NAME)";
				SWIFT_EMIT_LOC_STRINGS = NO;
				SWIFT_VERSION = 5.0;
				TEST_HOST = "$(BUILT_PRODUCTS_DIR)/SISR-pro.app/$(BUNDLE_EXECUTABLE_FOLDER_PATH)/SISR-pro";
			};
			name = Debug;
		};
		C2EE052D2DE1412000505B6E /* Release */ = {
			isa = XCBuildConfiguration;
			buildSettings = {
				BUNDLE_LOADER = "$(TEST_HOST)";
				CODE_SIGN_STYLE = Automatic;
				CURRENT_PROJECT_VERSION = 1;
				DEVELOPMENT_TEAM = 2D8MBBQWXH;
				GENERATE_INFOPLIST_FILE = YES;
				MACOSX_DEPLOYMENT_TARGET = 15.3;
				MARKETING_VERSION = 1.0;
				PRODUCT_BUNDLE_IDENTIFIER = "com.timelapsetech.SISR-proTests";
				PRODUCT_NAME = "$(TARGET_NAME)";
				SWIFT_EMIT_LOC_STRINGS = NO;
				SWIFT_VERSION = 5.0;
				TEST_HOST = "$(BUILT_PRODUCTS_DIR)/SISR-pro.app/$(BUNDLE_EXECUTABLE_FOLDER_PATH)/SISR-pro";
			};
			name = Release;
		};
		C2EE052F2DE1412000505B6E /* Debug */ = {
			isa = XCBuildConfiguration;
			buildSettings = {
				CODE_SIGN_STYLE = Automatic;
				CURRENT_PROJECT_VERSION = 1;
				DEVELOPMENT_TEAM = 2D8MBBQWXH;
				GENERATE_INFOPLIST_FILE = YES;
				MARKETING_VERSION = 1.0;
				PRODUCT_BUNDLE_IDENTIFIER = "com.timelapsetech.SISR-proUITests";
				PRODUCT_NAME = "$(TARGET_NAME)";
				SWIFT_EMIT_LOC_STRINGS = NO;
				SWIFT_VERSION = 5.0;
				TEST_TARGET_NAME = "SISR-pro";
			};
			name = Debug;
		};
		C2EE05302DE1412000505B6E /* Release */ = {
			isa = XCBuildConfiguration;
			buildSettings = {
				CODE_SIGN_STYLE = Automatic;
				CURRENT_PROJECT_VERSION = 1;
				DEVELOPMENT_TEAM = 2D8MBBQWXH;
				GENERATE_INFOPLIST_FILE = YES;
				MARKETING_VERSION = 1.0;
				PRODUCT_BUNDLE_IDENTIFIER = "com.timelapsetech.SISR-proUITests";
				PRODUCT_NAME = "$(TARGET_NAME)";
				SWIFT_EMIT_LOC_STRINGS = NO;
				SWIFT_VERSION = 5.0;
				TEST_TARGET_NAME = "SISR-pro";
			};
			name = Release;
		};
/* End XCBuildConfiguration section */

/* Begin XCConfigurationList section */
		C2EE05012DE1411E00505B6E /* Build configuration list for PBXProject "SISR-pro" */ = {
			isa = XCConfigurationList;
			buildConfigurations = (
				C2EE05262DE1412000505B6E /* Debug */,
				C2EE05272DE1412000505B6E /* Release */,
			);
			defaultConfigurationIsVisible = 0;
			defaultConfigurationName = Release;
		};
		C2EE05282DE1412000505B6E /* Build configuration list for PBXNativeTarget "SISR-pro" */ = {
			isa = XCConfigurationList;
			buildConfigurations = (
				C2EE05292DE1412000505B6E /* Debug */,
				C2EE052A2DE1412000505B6E /* Release */,
			);
			defaultConfigurationIsVisible = 0;
			defaultConfigurationName = Release;
		};
		C2EE052B2DE1412000505B6E /* Build configuration list for PBXNativeTarget "SISR-proTests" */ = {
			isa = XCConfigurationList;
			buildConfigurations = (
				C2EE052C2DE1412000505B6E /* Debug */,
				C2EE052D2DE1412000505B6E /* Release */,
			);
			defaultConfigurationIsVisible = 0;
			defaultConfigurationName = Release;
		};
		C2EE052E2DE1412000505B6E /* Build configuration list for PBXNativeTarget "SISR-proUITests" */ = {
			isa = XCConfigurationList;
			buildConfigurations = (
				C2EE052F2DE1412000505B6E /* Debug */,
				C2EE05302DE1412000505B6E /* Release */,
			);
			defaultConfigurationIsVisible = 0;
			defaultConfigurationName = Release;
		};
/* End XCConfigurationList section */
	};
	rootObject = C2EE04FE2DE1411E00505B6E /* Project object */;
}
